
Microsoft Visual Studio Solution File, Format Version 12.00
# Visual Studio Version 16
VisualStudioVersion = 16.0.29519.87
MinimumVisualStudioVersion = 10.0.40219.1
Project("{FAE04EC0-301F-11D3-BF4B-00C04F79EFBC}") = "ConsoleApp", "ConsoleApp.csproj", "{B2732F06-B52E-4442-88D9-2CD133CD3F08}"
EndProject
Global
	GlobalSection(SolutionConfigurationPlatforms) = preSolution
		Debug|Any CPU = Debug|Any CPU
		Release|Any CPU = Release|Any CPU
	EndGlobalSection
	GlobalSection(ProjectConfigurationPlatforms) = postSolution
		{B2732F06-B52E-4442-88D9-2CD133CD3F08}.Debug|Any CPU.ActiveCfg = Debug|Any CPU
		{B2732F06-B52E-4442-88D9-2CD133CD3F08}.Debug|Any CPU.Build.0 = Debug|Any CPU
		{B2732F06-B52E-4442-88D9-2CD133CD3F08}.Release|Any CPU.ActiveCfg = Release|Any CPU
		{B2732F06-B52E-4442-88D9-2CD133CD3F08}.Release|Any CPU.Build.0 = Release|Any CPU
	EndGlobalSection
	GlobalSection(SolutionProperties) = preSolution
		HideSolutionNode = FALSE
	EndGlobalSection
	GlobalSection(ExtensibilityGlobals) = postSolution
		SolutionGuid = {66ABD1E7-8F7B-4BB1-B31C-82A4C985D0A5}
	EndGlobalSection
EndGlobal
